
Microsoft Visual Studio Solution File, Format Version 12.00
# Visual Studio 15
VisualStudioVersion = 15.0.27130.2024
MinimumVisualStudioVersion = 10.0.40219.1
Project("{8BC9CEB8-8B4A-11D0-8D11-00A0C91BC942}") = "Assignment 6", "Assignment 6.vcxproj", "{A676E535-BFF7-4B3C-A657-D46C56414F2B}"
EndProject
Global
	GlobalSection(SolutionConfigurationPlatforms) = preSolution
		Debug|x64 = Debug|x64
		Debug|x86 = Debug|x86
		Release|x64 = Release|x64
		Release|x86 = Release|x86
	EndGlobalSection
	GlobalSection(ProjectConfigurationPlatforms) = postSolution
		{A676E535-BFF7-4B3C-A657-D46C56414F2B}.Debug|x64.ActiveCfg = Debug|x64
		{A676E535-BFF7-4B3C-A657-D46C56414F2B}.Debug|x64.Build.0 = Debug|x64
		{A676E535-BFF7-4B3C-A657-D46C56414F2B}.Debug|x86.ActiveCfg = Debug|Win32
		{A676E535-BFF7-4B3C-A657-D46C56414F2B}.Debug|x86.Build.0 = Debug|Win32
		{A676E535-BFF7-4B3C-A657-D46C56414F2B}.Release|x64.ActiveCfg = Release|x64
		{A676E535-BFF7-4B3C-A657-D46C56414F2B}.Release|x64.Build.0 = Release|x64
		{A676E535-BFF7-4B3C-A657-D46C56414F2B}.Release|x86.ActiveCfg = Release|Win32
		{A676E535-BFF7-4B3C-A657-D46C56414F2B}.Release|x86.Build.0 = Release|Win32
	EndGlobalSection
	GlobalSection(SolutionProperties) = preSolution
		HideSolutionNode = FALSE
	EndGlobalSection
	GlobalSection(ExtensibilityGlobals) = postSolution
		SolutionGuid = {6A8C2623-A358-403D-9A6B-7CCAC50E291E}
	EndGlobalSection
EndGlobal
